
Microsoft Visual Studio Solution File, Format Version 12.00
# Visual Studio Version 17
VisualStudioVersion = 17.14.36414.22
MinimumVisualStudioVersion = 10.0.40219.1
Project("{FAE04EC0-301F-11D3-BF4B-00C04F79EFBC}") = "WerkplekGebondenPrinterTests", "WerkplekGebondenPrinterTests.csproj", "{ABA069D9-C2E7-4154-8043-FB6019C4F24C}"
EndProject
Project("{FAE04EC0-301F-11D3-BF4B-00C04F79EFBC}") = "WerkplekGebondenPrinter", "WerkplekGebondenPrinter.csproj", "{6B4CEE48-3C32-46D8-8F0A-8BFDF4B83A98}"
EndProject
Global
	GlobalSection(SolutionConfigurationPlatforms) = preSolution
		Debug|Any CPU = Debug|Any CPU
		Release|Any CPU = Release|Any CPU
	EndGlobalSection
	GlobalSection(ProjectConfigurationPlatforms) = postSolution
		{ABA069D9-C2E7-4154-8043-FB6019C4F24C}.Debug|Any CPU.ActiveCfg = Debug|Any CPU
		{ABA069D9-C2E7-4154-8043-FB6019C4F24C}.Debug|Any CPU.Build.0 = Debug|Any CPU
		{ABA069D9-C2E7-4154-8043-FB6019C4F24C}.Release|Any CPU.ActiveCfg = Release|Any CPU
		{ABA069D9-C2E7-4154-8043-FB6019C4F24C}.Release|Any CPU.Build.0 = Release|Any CPU
		{6B4CEE48-3C32-46D8-8F0A-8BFDF4B83A98}.Debug|Any CPU.ActiveCfg = Debug|Any CPU
		{6B4CEE48-3C32-46D8-8F0A-8BFDF4B83A98}.Debug|Any CPU.Build.0 = Debug|Any CPU
		{6B4CEE48-3C32-46D8-8F0A-8BFDF4B83A98}.Release|Any CPU.ActiveCfg = Release|Any CPU
		{6B4CEE48-3C32-46D8-8F0A-8BFDF4B83A98}.Release|Any CPU.Build.0 = Release|Any CPU
	EndGlobalSection
	GlobalSection(SolutionProperties) = preSolution
		HideSolutionNode = FALSE
	EndGlobalSection
	GlobalSection(ExtensibilityGlobals) = postSolution
		SolutionGuid = {61C9230C-8CAE-45D5-BEBC-35916E475CB4}
	EndGlobalSection
EndGlobal
